
Microsoft Visual Studio Solution File, Format Version 12.00
# Visual Studio 15
VisualStudioVersion = 15.0.28307.271
MinimumVisualStudioVersion = 10.0.40219.1
Project("{FAE04EC0-301F-11D3-BF4B-00C04F79EFBC}") = "MenuFatima.Android", "MenuFatima\MenuFatima.Android\MenuFatima.Android.csproj", "{35217B92-3ABE-432C-A553-BE2B3212A295}"
EndProject
Project("{FAE04EC0-301F-11D3-BF4B-00C04F79EFBC}") = "MenuFatima.iOS", "MenuFatima\MenuFatima.iOS\MenuFatima.iOS.csproj", "{56C6602A-6655-43D6-844F-E20E8B198699}"
EndProject
Project("{FAE04EC0-301F-11D3-BF4B-00C04F79EFBC}") = "MenuFatima", "MenuFatima\MenuFatima\MenuFatima.csproj", "{99FB8B59-42E8-4986-A982-DDF8780D4156}"
EndProject
Global
	GlobalSection(SolutionConfigurationPlatforms) = preSolution
		Ad-Hoc|Any CPU = Ad-Hoc|Any CPU
		Ad-Hoc|iPhone = Ad-Hoc|iPhone
		Ad-Hoc|iPhoneSimulator = Ad-Hoc|iPhoneSimulator
		AppStore|Any CPU = AppStore|Any CPU
		AppStore|iPhone = AppStore|iPhone
		AppStore|iPhoneSimulator = AppStore|iPhoneSimulator
		Debug|Any CPU = Debug|Any CPU
		Debug|iPhone = Debug|iPhone
		Debug|iPhoneSimulator = Debug|iPhoneSimulator
		Release|Any CPU = Release|Any CPU
		Release|iPhone = Release|iPhone
		Release|iPhoneSimulator = Release|iPhoneSimulator
	EndGlobalSection
	GlobalSection(ProjectConfigurationPlatforms) = postSolution
		{35217B92-3ABE-432C-A553-BE2B3212A295}.Ad-Hoc|Any CPU.ActiveCfg = Release|Any CPU
		{35217B92-3ABE-432C-A553-BE2B3212A295}.Ad-Hoc|Any CPU.Build.0 = Release|Any CPU
		{35217B92-3ABE-432C-A553-BE2B3212A295}.Ad-Hoc|Any CPU.Deploy.0 = Release|Any CPU
		{35217B92-3ABE-432C-A553-BE2B3212A295}.Ad-Hoc|iPhone.ActiveCfg = Release|Any CPU
		{35217B92-3ABE-432C-A553-BE2B3212A295}.Ad-Hoc|iPhone.Build.0 = Release|Any CPU
		{35217B92-3ABE-432C-A553-BE2B3212A295}.Ad-Hoc|iPhone.Deploy.0 = Release|Any CPU
		{35217B92-3ABE-432C-A553-BE2B3212A295}.Ad-Hoc|iPhoneSimulator.ActiveCfg = Release|Any CPU
		{35217B92-3ABE-432C-A553-BE2B3212A295}.Ad-Hoc|iPhoneSimulator.Build.0 = Release|Any CPU
		{35217B92-3ABE-432C-A553-BE2B3212A295}.Ad-Hoc|iPhoneSimulator.Deploy.0 = Release|Any CPU
		{35217B92-3ABE-432C-A553-BE2B3212A295}.AppStore|Any CPU.ActiveCfg = Release|Any CPU
		{35217B92-3ABE-432C-A553-BE2B3212A295}.AppStore|Any CPU.Build.0 = Release|Any CPU
		{35217B92-3ABE-432C-A553-BE2B3212A295}.AppStore|Any CPU.Deploy.0 = Release|Any CPU
		{35217B92-3ABE-432C-A553-BE2B3212A295}.AppStore|iPhone.ActiveCfg = Release|Any CPU
		{35217B92-3ABE-432C-A553-BE2B3212A295}.AppStore|iPhone.Build.0 = Release|Any CPU
		{35217B92-3ABE-432C-A553-BE2B3212A295}.AppStore|iPhone.Deploy.0 = Release|Any CPU
		{35217B92-3ABE-432C-A553-BE2B3212A295}.AppStore|iPhoneSimulator.ActiveCfg = Release|Any CPU
		{35217B92-3ABE-432C-A553-BE2B3212A295}.AppStore|iPhoneSimulator.Build.0 = Release|Any CPU
		{35217B92-3ABE-432C-A553-BE2B3212A295}.AppStore|iPhoneSimulator.Deploy.0 = Release|Any CPU
		{35217B92-3ABE-432C-A553-BE2B3212A295}.Debug|Any CPU.ActiveCfg = Debug|Any CPU
		{35217B92-3ABE-432C-A553-BE2B3212A295}.Debug|Any CPU.Build.0 = Debug|Any CPU
		{35217B92-3ABE-432C-A553-BE2B3212A295}.Debug|Any CPU.Deploy.0 = Debug|Any CPU
		{35217B92-3ABE-432C-A553-BE2B3212A295}.Debug|iPhone.ActiveCfg = Debug|Any CPU
		{35217B92-3ABE-432C-A553-BE2B3212A295}.Debug|iPhone.Build.0 = Debug|Any CPU
		{35217B92-3ABE-432C-A553-BE2B3212A295}.Debug|iPhone.Deploy.0 = Debug|Any CPU
		{35217B92-3ABE-432C-A553-BE2B3212A295}.Debug|iPhoneSimulator.ActiveCfg = Debug|Any CPU
		{35217B92-3ABE-432C-A553-BE2B3212A295}.Debug|iPhoneSimulator.Build.0 = Debug|Any CPU
		{35217B92-3ABE-432C-A553-BE2B3212A295}.Debug|iPhoneSimulator.Deploy.0 = Debug|Any CPU
		{35217B92-3ABE-432C-A553-BE2B3212A295}.Release|Any CPU.ActiveCfg = Release|Any CPU
		{35217B92-3ABE-432C-A553-BE2B3212A295}.Release|Any CPU.Build.0 = Release|Any CPU
		{35217B92-3ABE-432C-A553-BE2B3212A295}.Release|Any CPU.Deploy.0 = Release|Any CPU
		{35217B92-3ABE-432C-A553-BE2B3212A295}.Release|iPhone.ActiveCfg = Release|Any CPU
		{35217B92-3ABE-432C-A553-BE2B3212A295}.Release|iPhone.Build.0 = Release|Any CPU
		{35217B92-3ABE-432C-A553-BE2B3212A295}.Release|iPhone.Deploy.0 = Release|Any CPU
		{35217B92-3ABE-432C-A553-BE2B3212A295}.Release|iPhoneSimulator.ActiveCfg = Release|Any CPU
		{35217B92-3ABE-432C-A553-BE2B3212A295}.Release|iPhoneSimulator.Build.0 = Release|Any CPU
		{35217B92-3ABE-432C-A553-BE2B3212A295}.Release|iPhoneSimulator.Deploy.0 = Release|Any CPU
		{56C6602A-6655-43D6-844F-E20E8B198699}.Ad-Hoc|Any CPU.ActiveCfg = Ad-Hoc|iPhone
		{56C6602A-6655-43D6-844F-E20E8B198699}.Ad-Hoc|Any CPU.Build.0 = Ad-Hoc|iPhone
		{56C6602A-6655-43D6-844F-E20E8B198699}.Ad-Hoc|Any CPU.Deploy.0 = Ad-Hoc|iPhone
		{56C6602A-6655-43D6-844F-E20E8B198699}.Ad-Hoc|iPhone.ActiveCfg = Ad-Hoc|iPhone
		{56C6602A-6655-43D6-844F-E20E8B198699}.Ad-Hoc|iPhone.Build.0 = Ad-Hoc|iPhone
		{56C6602A-6655-43D6-844F-E20E8B198699}.Ad-Hoc|iPhone.Deploy.0 = Ad-Hoc|iPhone
		{56C6602A-6655-43D6-844F-E20E8B198699}.Ad-Hoc|iPhoneSimulator.ActiveCfg = Ad-Hoc|iPhoneSimulator
		{56C6602A-6655-43D6-844F-E20E8B198699}.Ad-Hoc|iPhoneSimulator.Build.0 = Ad-Hoc|iPhoneSimulator
		{56C6602A-6655-43D6-844F-E20E8B198699}.Ad-Hoc|iPhoneSimulator.Deploy.0 = Ad-Hoc|iPhoneSimulator
		{56C6602A-6655-43D6-844F-E20E8B198699}.AppStore|Any CPU.ActiveCfg = AppStore|iPhone
		{56C6602A-6655-43D6-844F-E20E8B198699}.AppStore|Any CPU.Build.0 = AppStore|iPhone
		{56C6602A-6655-43D6-844F-E20E8B198699}.AppStore|Any CPU.Deploy.0 = AppStore|iPhone
		{56C6602A-6655-43D6-844F-E20E8B198699}.AppStore|iPhone.ActiveCfg = AppStore|iPhone
		{56C6602A-6655-43D6-844F-E20E8B198699}.AppStore|iPhone.Build.0 = AppStore|iPhone
		{56C6602A-6655-43D6-844F-E20E8B198699}.AppStore|iPhone.Deploy.0 = AppStore|iPhone
		{56C6602A-6655-43D6-844F-E20E8B198699}.AppStore|iPhoneSimulator.ActiveCfg = AppStore|iPhoneSimulator
		{56C6602A-6655-43D6-844F-E20E8B198699}.AppStore|iPhoneSimulator.Build.0 = AppStore|iPhoneSimulator
		{56C6602A-6655-43D6-844F-E20E8B198699}.AppStore|iPhoneSimulator.Deploy.0 = AppStore|iPhoneSimulator
		{56C6602A-6655-43D6-844F-E20E8B198699}.Debug|Any CPU.ActiveCfg = Debug|iPhoneSimulator
		{56C6602A-6655-43D6-844F-E20E8B198699}.Debug|Any CPU.Build.0 = Debug|iPhoneSimulator
		{56C6602A-6655-43D6-844F-E20E8B198699}.Debug|Any CPU.Deploy.0 = Debug|iPhoneSimulator
		{56C6602A-6655-43D6-844F-E20E8B198699}.Debug|iPhone.ActiveCfg = Debug|iPhone
		{56C6602A-6655-43D6-844F-E20E8B198699}.Debug|iPhone.Build.0 = Debug|iPhone
		{56C6602A-6655-43D6-844F-E20E8B198699}.Debug|iPhone.Deploy.0 = Debug|iPhone
		{56C6602A-6655-43D6-844F-E20E8B198699}.Debug|iPhoneSimulator.ActiveCfg = Debug|iPhoneSimulator
		{56C6602A-6655-43D6-844F-E20E8B198699}.Debug|iPhoneSimulator.Build.0 = Debug|iPhoneSimulator
		{56C6602A-6655-43D6-844F-E20E8B198699}.Debug|iPhoneSimulator.Deploy.0 = Debug|iPhoneSimulator
		{56C6602A-6655-43D6-844F-E20E8B198699}.Release|Any CPU.ActiveCfg = Release|iPhone
		{56C6602A-6655-43D6-844F-E20E8B198699}.Release|Any CPU.Build.0 = Release|iPhone
		{56C6602A-6655-43D6-844F-E20E8B198699}.Release|Any CPU.Deploy.0 = Release|iPhone
		{56C6602A-6655-43D6-844F-E20E8B198699}.Release|iPhone.ActiveCfg = Release|iPhone
		{56C6602A-6655-43D6-844F-E20E8B198699}.Release|iPhone.Build.0 = Release|iPhone
		{56C6602A-6655-43D6-844F-E20E8B198699}.Release|iPhone.Deploy.0 = Release|iPhone
		{56C6602A-6655-43D6-844F-E20E8B198699}.Release|iPhoneSimulator.ActiveCfg = Release|iPhoneSimulator
		{56C6602A-6655-43D6-844F-E20E8B198699}.Release|iPhoneSimulator.Build.0 = Release|iPhoneSimulator
		{56C6602A-6655-43D6-844F-E20E8B198699}.Release|iPhoneSimulator.Deploy.0 = Release|iPhoneSimulator
		{99FB8B59-42E8-4986-A982-DDF8780D4156}.Ad-Hoc|Any CPU.ActiveCfg = Debug|Any CPU
		{99FB8B59-42E8-4986-A982-DDF8780D4156}.Ad-Hoc|Any CPU.Build.0 = Debug|Any CPU
		{99FB8B59-42E8-4986-A982-DDF8780D4156}.Ad-Hoc|Any CPU.Deploy.0 = Debug|Any CPU
		{99FB8B59-42E8-4986-A982-DDF8780D4156}.Ad-Hoc|iPhone.ActiveCfg = Debug|Any CPU
		{99FB8B59-42E8-4986-A982-DDF8780D4156}.Ad-Hoc|iPhone.Build.0 = Debug|Any CPU
		{99FB8B59-42E8-4986-A982-DDF8780D4156}.Ad-Hoc|iPhone.Deploy.0 = Debug|Any CPU
		{99FB8B59-42E8-4986-A982-DDF8780D4156}.Ad-Hoc|iPhoneSimulator.ActiveCfg = Debug|Any CPU
		{99FB8B59-42E8-4986-A982-DDF8780D4156}.Ad-Hoc|iPhoneSimulator.Build.0 = Debug|Any CPU
		{99FB8B59-42E8-4986-A982-DDF8780D4156}.Ad-Hoc|iPhoneSimulator.Deploy.0 = Debug|Any CPU
		{99FB8B59-42E8-4986-A982-DDF8780D4156}.AppStore|Any CPU.ActiveCfg = Debug|Any CPU
		{99FB8B59-42E8-4986-A982-DDF8780D4156}.AppStore|Any CPU.Build.0 = Debug|Any CPU
		{99FB8B59-42E8-4986-A982-DDF8780D4156}.AppStore|Any CPU.Deploy.0 = Debug|Any CPU
		{99FB8B59-42E8-4986-A982-DDF8780D4156}.AppStore|iPhone.ActiveCfg = Debug|Any CPU
		{99FB8B59-42E8-4986-A982-DDF8780D4156}.AppStore|iPhone.Build.0 = Debug|Any CPU
		{99FB8B59-42E8-4986-A982-DDF8780D4156}.AppStore|iPhone.Deploy.0 = Debug|Any CPU
		{99FB8B59-42E8-4986-A982-DDF8780D4156}.AppStore|iPhoneSimulator.ActiveCfg = Debug|Any CPU
		{99FB8B59-42E8-4986-A982-DDF8780D4156}.AppStore|iPhoneSimulator.Build.0 = Debug|Any CPU
		{99FB8B59-42E8-4986-A982-DDF8780D4156}.AppStore|iPhoneSimulator.Deploy.0 = Debug|Any CPU
		{99FB8B59-42E8-4986-A982-DDF8780D4156}.Debug|Any CPU.ActiveCfg = Debug|Any CPU
		{99FB8B59-42E8-4986-A982-DDF8780D4156}.Debug|Any CPU.Build.0 = Debug|Any CPU
		{99FB8B59-42E8-4986-A982-DDF8780D4156}.Debug|Any CPU.Deploy.0 = Debug|Any CPU
		{99FB8B59-42E8-4986-A982-DDF8780D4156}.Debug|iPhone.ActiveCfg = Debug|Any CPU
		{99FB8B59-42E8-4986-A982-DDF8780D4156}.Debug|iPhone.Build.0 = Debug|Any CPU
		{99FB8B59-42E8-4986-A982-DDF8780D4156}.Debug|iPhone.Deploy.0 = Debug|Any CPU
		{99FB8B59-42E8-4986-A982-DDF8780D4156}.Debug|iPhoneSimulator.ActiveCfg = Debug|Any CPU
		{99FB8B59-42E8-4986-A982-DDF8780D4156}.Debug|iPhoneSimulator.Build.0 = Debug|Any CPU
		{99FB8B59-42E8-4986-A982-DDF8780D4156}.Debug|iPhoneSimulator.Deploy.0 = Debug|Any CPU
		{99FB8B59-42E8-4986-A982-DDF8780D4156}.Release|Any CPU.ActiveCfg = Release|Any CPU
		{99FB8B59-42E8-4986-A982-DDF8780D4156}.Release|Any CPU.Build.0 = Release|Any CPU
		{99FB8B59-42E8-4986-A982-DDF8780D4156}.Release|Any CPU.Deploy.0 = Release|Any CPU
		{99FB8B59-42E8-4986-A982-DDF8780D4156}.Release|iPhone.ActiveCfg = Release|Any CPU
		{99FB8B59-42E8-4986-A982-DDF8780D4156}.Release|iPhone.Build.0 = Release|Any CPU
		{99FB8B59-42E8-4986-A982-DDF8780D4156}.Release|iPhone.Deploy.0 = Release|Any CPU
		{99FB8B59-42E8-4986-A982-DDF8780D4156}.Release|iPhoneSimulator.ActiveCfg = Release|Any CPU
		{99FB8B59-42E8-4986-A982-DDF8780D4156}.Release|iPhoneSimulator.Build.0 = Release|Any CPU
		{99FB8B59-42E8-4986-A982-DDF8780D4156}.Release|iPhoneSimulator.Deploy.0 = Release|Any CPU
	EndGlobalSection
	GlobalSection(SolutionProperties) = preSolution
		HideSolutionNode = FALSE
	EndGlobalSection
	GlobalSection(ExtensibilityGlobals) = postSolution
		SolutionGuid = {DF617C09-783A-4852-B061-0B91AE7F523C}
	EndGlobalSection
EndGlobal
